{
  "name": "django_livre",
  "lockfileVersion": 2,
  "requires": true,
  "packages": {
    "": {
      "dependencies": {
        "@coreui/icons": "^3.0.1"
      }
    },
    "node_modules/@coreui/icons": {
      "version": "3.0.1",
      "resolved": "https://registry.npmjs.org/@coreui/icons/-/icons-3.0.1.tgz",
      "integrity": "sha512-u9UKEcRMyY9pa4jUoLij8pAR03g5g6TLWV33/Mx2ix8sffyi0eO4fLV8DSTQljDCw938zt7KYog5cVKEAJUxxg=="
    }
  },
  "dependencies": {
    "@coreui/icons": {
      "version": "3.0.1",
      "resolved": "https://registry.npmjs.org/@coreui/icons/-/icons-3.0.1.tgz",
      "integrity": "sha512-u9UKEcRMyY9pa4jUoLij8pAR03g5g6TLWV33/Mx2ix8sffyi0eO4fLV8DSTQljDCw938zt7KYog5cVKEAJUxxg=="
    }
  }
}
